
Microsoft Visual Studio Solution File, Format Version 12.00
# Visual Studio Version 17
VisualStudioVersion = 17.9.34701.34
MinimumVisualStudioVersion = 10.0.40219.1
Project("{8BC9CEB8-8B4A-11D0-8D11-00A0C91BC942}") = "IkunSnake", "IkunSnake\IkunSnake.vcxproj", "{34EDC94F-E8C5-45DB-BE49-9959ED572677}"
EndProject
Project("{54435603-DBB4-11D2-8724-00A0C9A8B90C}") = "IkunSnake", "..\..\Release\IkunSnake\IkunSnake.vdproj", "{1794FCA8-9D45-46DB-AC54-5374E2032869}"
EndProject
Global
	GlobalSection(SolutionConfigurationPlatforms) = preSolution
		Debug|x64 = Debug|x64
		Debug|x86 = Debug|x86
		Release|x64 = Release|x64
		Release|x86 = Release|x86
	EndGlobalSection
	GlobalSection(ProjectConfigurationPlatforms) = postSolution
		{34EDC94F-E8C5-45DB-BE49-9959ED572677}.Debug|x64.ActiveCfg = Debug|x64
		{34EDC94F-E8C5-45DB-BE49-9959ED572677}.Debug|x64.Build.0 = Debug|x64
		{34EDC94F-E8C5-45DB-BE49-9959ED572677}.Debug|x86.ActiveCfg = Debug|Win32
		{34EDC94F-E8C5-45DB-BE49-9959ED572677}.Debug|x86.Build.0 = Debug|Win32
		{34EDC94F-E8C5-45DB-BE49-9959ED572677}.Release|x64.ActiveCfg = Release|x64
		{34EDC94F-E8C5-45DB-BE49-9959ED572677}.Release|x64.Build.0 = Release|x64
		{34EDC94F-E8C5-45DB-BE49-9959ED572677}.Release|x86.ActiveCfg = Release|Win32
		{34EDC94F-E8C5-45DB-BE49-9959ED572677}.Release|x86.Build.0 = Release|Win32
		{1794FCA8-9D45-46DB-AC54-5374E2032869}.Debug|x64.ActiveCfg = Debug
		{1794FCA8-9D45-46DB-AC54-5374E2032869}.Debug|x86.ActiveCfg = Debug
		{1794FCA8-9D45-46DB-AC54-5374E2032869}.Release|x64.ActiveCfg = Release
		{1794FCA8-9D45-46DB-AC54-5374E2032869}.Release|x86.ActiveCfg = Release
	EndGlobalSection
	GlobalSection(SolutionProperties) = preSolution
		HideSolutionNode = FALSE
	EndGlobalSection
	GlobalSection(ExtensibilityGlobals) = postSolution
		SolutionGuid = {DC65CCE6-49B4-48FF-B924-A5C29C26712E}
	EndGlobalSection
EndGlobal
